Microsoft Visual Studio Solution File, Format Version 12.00
# Visual Studio Version 17
VisualStudioVersion = 17.5.2.0
MinimumVisualStudioVersion = 10.0.40219.1
Project("{FAE04EC0-301F-11D3-BF4B-00C04F79EFBC}") = "CafeApi.Tests", "CafeApi.Tests.csproj", "{4960DEEB-B130-9978-9D38-F54CCCB68396}"
EndProject
Global
	GlobalSection(SolutionConfigurationPlatforms) = preSolution
		Debug|Any CPU = Debug|Any CPU
		Release|Any CPU = Release|Any CPU
	EndGlobalSection
	GlobalSection(ProjectConfigurationPlatforms) = postSolution
		{4960DEEB-B130-9978-9D38-F54CCCB68396}.Debug|Any CPU.ActiveCfg = Debug|Any CPU
		{4960DEEB-B130-9978-9D38-F54CCCB68396}.Debug|Any CPU.Build.0 = Debug|Any CPU
		{4960DEEB-B130-9978-9D38-F54CCCB68396}.Release|Any CPU.ActiveCfg = Release|Any CPU
		{4960DEEB-B130-9978-9D38-F54CCCB68396}.Release|Any CPU.Build.0 = Release|Any CPU
	EndGlobalSection
	GlobalSection(SolutionProperties) = preSolution
		HideSolutionNode = FALSE
	EndGlobalSection
	GlobalSection(ExtensibilityGlobals) = postSolution
		SolutionGuid = {ADEEB344-D4F6-42E9-89D4-38AFB516ACBD}
	EndGlobalSection
EndGlobal
