Microsoft Visual Studio Solution File, Format Version 12.00
# Visual Studio Version 17
VisualStudioVersion = 17.5.2.0
MinimumVisualStudioVersion = 10.0.40219.1
Project("{FAE04EC0-301F-11D3-BF4B-00C04F79EFBC}") = "Cafe", "Cafe\Cafe.csproj", "{4C25C025-ABC7-C7BD-213B-79EE17246708}"
EndProject
Global
	GlobalSection(SolutionConfigurationPlatforms) = preSolution
		Debug|Any CPU = Debug|Any CPU
		Release|Any CPU = Release|Any CPU
	EndGlobalSection
	GlobalSection(ProjectConfigurationPlatforms) = postSolution
		{4C25C025-ABC7-C7BD-213B-79EE17246708}.Debug|Any CPU.ActiveCfg = Debug|Any CPU
		{4C25C025-ABC7-C7BD-213B-79EE17246708}.Debug|Any CPU.Build.0 = Debug|Any CPU
		{4C25C025-ABC7-C7BD-213B-79EE17246708}.Release|Any CPU.ActiveCfg = Release|Any CPU
		{4C25C025-ABC7-C7BD-213B-79EE17246708}.Release|Any CPU.Build.0 = Release|Any CPU
	EndGlobalSection
	GlobalSection(SolutionProperties) = preSolution
		HideSolutionNode = FALSE
	EndGlobalSection
	GlobalSection(ExtensibilityGlobals) = postSolution
		SolutionGuid = {EC712B47-3496-4B9B-9FD0-79E9BB745DFB}
	EndGlobalSection
EndGlobal
